
Microsoft Visual Studio Solution File, Format Version 12.00
# Visual Studio Version 16
VisualStudioVersion = 25.0.1700.0
MinimumVisualStudioVersion = 10.0.40219.1
Project("{FAE04EC0-301F-11D3-BF4B-00C04F79EFBC}") = "constructors", "constructors\constructors.csproj", "{C355DB5A-AB6B-458F-AE1E-AF1AE6BB3C39}"
EndProject
Global
	GlobalSection(SolutionConfigurationPlatforms) = preSolution
		Debug|Any CPU = Debug|Any CPU
		Release|Any CPU = Release|Any CPU
	EndGlobalSection
	GlobalSection(ProjectConfigurationPlatforms) = postSolution
		{C355DB5A-AB6B-458F-AE1E-AF1AE6BB3C39}.Debug|Any CPU.ActiveCfg = Debug|Any CPU
		{C355DB5A-AB6B-458F-AE1E-AF1AE6BB3C39}.Debug|Any CPU.Build.0 = Debug|Any CPU
		{C355DB5A-AB6B-458F-AE1E-AF1AE6BB3C39}.Release|Any CPU.ActiveCfg = Release|Any CPU
		{C355DB5A-AB6B-458F-AE1E-AF1AE6BB3C39}.Release|Any CPU.Build.0 = Release|Any CPU
	EndGlobalSection
	GlobalSection(SolutionProperties) = preSolution
		HideSolutionNode = FALSE
	EndGlobalSection
	GlobalSection(ExtensibilityGlobals) = postSolution
		SolutionGuid = {09433392-293A-46E8-812A-6D66A14A3A10}
	EndGlobalSection
EndGlobal
